
Microsoft Visual Studio Solution File, Format Version 12.00
# Visual Studio 14
VisualStudioVersion = 14.0.23107.0
MinimumVisualStudioVersion = 10.0.40219.1
Project("{2150E333-8FDC-42A3-9474-1A3956D46DE8}") = "Solution Items", "Solution Items", "{604C8BBE-729E-4255-A847-E045335C2700}"
	ProjectSection(SolutionItems) = preProject
		WebEssentials2015-Settings.json = WebEssentials2015-Settings.json
	EndProjectSection
EndProject
Project("{FAE04EC0-301F-11D3-BF4B-00C04F79EFBC}") = "OkFood", "OkFood\OkFood.csproj", "{8E3F2FBA-E0B7-420D-AC2D-1B6C91204A4E}"
EndProject
Project("{FAE04EC0-301F-11D3-BF4B-00C04F79EFBC}") = "OkFood.Data", "OkFood.Data\OkFood.Data.csproj", "{FAB54FE5-CA17-4934-A954-D0CBD9AB19B2}"
EndProject
Project("{FAE04EC0-301F-11D3-BF4B-00C04F79EFBC}") = "OkFood.Domain", "OkFood.Domain\OkFood.Domain.csproj", "{9B507776-1144-465B-88DE-CABE790E00FC}"
EndProject
Project("{FAE04EC0-301F-11D3-BF4B-00C04F79EFBC}") = "OkFood.Service", "OkFood.BLL\OkFood.Service.csproj", "{6D90A3B3-3F99-40BE-BD78-5CF83B3118A7}"
EndProject
Global
	GlobalSection(SolutionConfigurationPlatforms) = preSolution
		Debug|Any CPU = Debug|Any CPU
		Release|Any CPU = Release|Any CPU
	EndGlobalSection
	GlobalSection(ProjectConfigurationPlatforms) = postSolution
		{8E3F2FBA-E0B7-420D-AC2D-1B6C91204A4E}.Debug|Any CPU.ActiveCfg = Debug|Any CPU
		{8E3F2FBA-E0B7-420D-AC2D-1B6C91204A4E}.Debug|Any CPU.Build.0 = Debug|Any CPU
		{8E3F2FBA-E0B7-420D-AC2D-1B6C91204A4E}.Release|Any CPU.ActiveCfg = Release|Any CPU
		{8E3F2FBA-E0B7-420D-AC2D-1B6C91204A4E}.Release|Any CPU.Build.0 = Release|Any CPU
		{FAB54FE5-CA17-4934-A954-D0CBD9AB19B2}.Debug|Any CPU.ActiveCfg = Debug|Any CPU
		{FAB54FE5-CA17-4934-A954-D0CBD9AB19B2}.Debug|Any CPU.Build.0 = Debug|Any CPU
		{FAB54FE5-CA17-4934-A954-D0CBD9AB19B2}.Release|Any CPU.ActiveCfg = Release|Any CPU
		{FAB54FE5-CA17-4934-A954-D0CBD9AB19B2}.Release|Any CPU.Build.0 = Release|Any CPU
		{9B507776-1144-465B-88DE-CABE790E00FC}.Debug|Any CPU.ActiveCfg = Debug|Any CPU
		{9B507776-1144-465B-88DE-CABE790E00FC}.Debug|Any CPU.Build.0 = Debug|Any CPU
		{9B507776-1144-465B-88DE-CABE790E00FC}.Release|Any CPU.ActiveCfg = Release|Any CPU
		{9B507776-1144-465B-88DE-CABE790E00FC}.Release|Any CPU.Build.0 = Release|Any CPU
		{6D90A3B3-3F99-40BE-BD78-5CF83B3118A7}.Debug|Any CPU.ActiveCfg = Debug|Any CPU
		{6D90A3B3-3F99-40BE-BD78-5CF83B3118A7}.Debug|Any CPU.Build.0 = Debug|Any CPU
		{6D90A3B3-3F99-40BE-BD78-5CF83B3118A7}.Release|Any CPU.ActiveCfg = Release|Any CPU
		{6D90A3B3-3F99-40BE-BD78-5CF83B3118A7}.Release|Any CPU.Build.0 = Release|Any CPU
	EndGlobalSection
	GlobalSection(SolutionProperties) = preSolution
		HideSolutionNode = FALSE
	EndGlobalSection
EndGlobal
